// !$*UTF8*$!
{
	archiveVersion = 1;
	classes = {
	};
	objectVersion = 55;
	objects = {

/* Begin PBXBuildFile section */
		B52EDAC628C71C6800594D97 /* FirstVCCell.swift in Sources */ = {isa = PBXBuildFile; fileRef = B52EDAC528C71C6800594D97 /* FirstVCCell.swift */; };
		B52EDACD28C88A9300594D97 /* CreateUrlString.swift in Sources */ = {isa = PBXBuildFile; fileRef = B52EDACC28C88A9300594D97 /* CreateUrlString.swift */; };
		B54EA22828C07C2500535572 /* AppDelegate.swift in Sources */ = {isa = PBXBuildFile; fileRef = B54EA22728C07C2500535572 /* AppDelegate.swift */; };
		B54EA22A28C07C2500535572 /* SceneDelegate.swift in Sources */ = {isa = PBXBuildFile; fileRef = B54EA22928C07C2500535572 /* SceneDelegate.swift */; };
		B54EA22F28C07C2500535572 /* Main.storyboard in Resources */ = {isa = PBXBuildFile; fileRef = B54EA22D28C07C2500535572 /* Main.storyboard */; };
		B54EA23128C07C2700535572 /* Assets.xcassets in Resources */ = {isa = PBXBuildFile; fileRef = B54EA23028C07C2700535572 /* Assets.xcassets */; };
		B54EA23428C07C2700535572 /* LaunchScreen.storyboard in Resources */ = {isa = PBXBuildFile; fileRef = B54EA23228C07C2700535572 /* LaunchScreen.storyboard */; };
		B54EA24628C0802400535572 /* NetworkManagerNews.swift in Sources */ = {isa = PBXBuildFile; fileRef = B54EA24528C0802400535572 /* NetworkManagerNews.swift */; };
		B58FF8B728D5D178004167AD /* UserSettings.swift in Sources */ = {isa = PBXBuildFile; fileRef = B58FF8B628D5D178004167AD /* UserSettings.swift */; };
		B5CA0AED28D05CA400BD4D06 /* SettingsVC.swift in Sources */ = {isa = PBXBuildFile; fileRef = B5CA0AEC28D05CA400BD4D06 /* SettingsVC.swift */; };
		B5CE5A7D28C10AB40076BE6F /* ReadLaterVC.swift in Sources */ = {isa = PBXBuildFile; fileRef = B5CE5A7C28C10AB40076BE6F /* ReadLaterVC.swift */; };
		B5CE5A8128C10AFE0076BE6F /* RateVC.swift in Sources */ = {isa = PBXBuildFile; fileRef = B5CE5A8028C10AFE0076BE6F /* RateVC.swift */; };
		B5CE5A8328C10B1C0076BE6F /* ReadVC.swift in Sources */ = {isa = PBXBuildFile; fileRef = B5CE5A8228C10B1C0076BE6F /* ReadVC.swift */; };
		B5CE5A8C28C111CA0076BE6F /* FirstVC.swift in Sources */ = {isa = PBXBuildFile; fileRef = B5CE5A8A28C111CA0076BE6F /* FirstVC.swift */; };
		B5CE5A9728C1DAE80076BE6F /* Constants.swift in Sources */ = {isa = PBXBuildFile; fileRef = B5CE5A9628C1DAE80076BE6F /* Constants.swift */; };
		B5CE5AA328C208780076BE6F /* Enums.swift in Sources */ = {isa = PBXBuildFile; fileRef = B5CE5AA228C208780076BE6F /* Enums.swift */; };
		B5CE5AA928C21BF80076BE6F /* NetworkManagerCoinLayer.swift in Sources */ = {isa = PBXBuildFile; fileRef = B5CE5AA828C21BF80076BE6F /* NetworkManagerCoinLayer.swift */; };
		B5CE5AAC28C21EE30076BE6F /* ModelCoinLayer.swift in Sources */ = {isa = PBXBuildFile; fileRef = B5CE5AAB28C21EE30076BE6F /* ModelCoinLayer.swift */; };
		B5CE5AAE28C231460076BE6F /* RateViewCell.swift in Sources */ = {isa = PBXBuildFile; fileRef = B5CE5AAD28C231460076BE6F /* RateViewCell.swift */; };
		B5CE5AB128C622890076BE6F /* CurrentPost.swift in Sources */ = {isa = PBXBuildFile; fileRef = B5CE5AB028C622890076BE6F /* CurrentPost.swift */; };
/* End PBXBuildFile section */

/* Begin PBXFileReference section */
		B52EDAC528C71C6800594D97 /* FirstVCCell.swift */ = {isa = PBXFileReference; lastKnownFileType = sourcecode.swift; path = FirstVCCell.swift; sourceTree = "<group>"; };
		B52EDACC28C88A9300594D97 /* CreateUrlString.swift */ = {isa = PBXFileReference; lastKnownFileType = sourcecode.swift; path = CreateUrlString.swift; sourceTree = "<group>"; };
		B54EA22428C07C2500535572 /* NewsFeed.app */ = {isa = PBXFileReference; explicitFileType = wrapper.application; includeInIndex = 0; path = NewsFeed.app; sourceTree = BUILT_PRODUCTS_DIR; };
		B54EA22728C07C2500535572 /* AppDelegate.swift */ = {isa = PBXFileReference; lastKnownFileType = sourcecode.swift; path = AppDelegate.swift; sourceTree = "<group>"; };
		B54EA22928C07C2500535572 /* SceneDelegate.swift */ = {isa = PBXFileReference; lastKnownFileType = sourcecode.swift; path = SceneDelegate.swift; sourceTree = "<group>"; };
		B54EA22E28C07C2500535572 /* Base */ = {isa = PBXFileReference; lastKnownFileType = file.storyboard; name = Base; path = Base.lproj/Main.storyboard; sourceTree = "<group>"; };
		B54EA23028C07C2700535572 /* Assets.xcassets */ = {isa = PBXFileReference; lastKnownFileType = folder.assetcatalog; path = Assets.xcassets; sourceTree = "<group>"; };
		B54EA23328C07C2700535572 /* Base */ = {isa = PBXFileReference; lastKnownFileType = file.storyboard; name = Base; path = Base.lproj/LaunchScreen.storyboard; sourceTree = "<group>"; };
		B54EA23528C07C2700535572 /* Info.plist */ = {isa = PBXFileReference; lastKnownFileType = text.plist.xml; path = Info.plist; sourceTree = "<group>"; };
		B54EA24528C0802400535572 /* NetworkManagerNews.swift */ = {isa = PBXFileReference; lastKnownFileType = sourcecode.swift; path = NetworkManagerNews.swift; sourceTree = "<group>"; };
		B58FF8B628D5D178004167AD /* UserSettings.swift */ = {isa = PBXFileReference; lastKnownFileType = sourcecode.swift; path = UserSettings.swift; sourceTree = "<group>"; };
		B5CA0AEC28D05CA400BD4D06 /* SettingsVC.swift */ = {isa = PBXFileReference; lastKnownFileType = sourcecode.swift; path = SettingsVC.swift; sourceTree = "<group>"; };
		B5CE5A7C28C10AB40076BE6F /* ReadLaterVC.swift */ = {isa = PBXFileReference; lastKnownFileType = sourcecode.swift; path = ReadLaterVC.swift; sourceTree = "<group>"; };
		B5CE5A8028C10AFE0076BE6F /* RateVC.swift */ = {isa = PBXFileReference; lastKnownFileType = sourcecode.swift; path = RateVC.swift; sourceTree = "<group>"; };
		B5CE5A8228C10B1C0076BE6F /* ReadVC.swift */ = {isa = PBXFileReference; lastKnownFileType = sourcecode.swift; path = ReadVC.swift; sourceTree = "<group>"; };
		B5CE5A8A28C111CA0076BE6F /* FirstVC.swift */ = {isa = PBXFileReference; lastKnownFileType = sourcecode.swift; path = FirstVC.swift; sourceTree = "<group>"; };
		B5CE5A9628C1DAE80076BE6F /* Constants.swift */ = {isa = PBXFileReference; lastKnownFileType = sourcecode.swift; path = Constants.swift; sourceTree = "<group>"; };
		B5CE5AA228C208780076BE6F /* Enums.swift */ = {isa = PBXFileReference; lastKnownFileType = sourcecode.swift; path = Enums.swift; sourceTree = "<group>"; };
		B5CE5AA828C21BF80076BE6F /* NetworkManagerCoinLayer.swift */ = {isa = PBXFileReference; lastKnownFileType = sourcecode.swift; path = NetworkManagerCoinLayer.swift; sourceTree = "<group>"; };
		B5CE5AAB28C21EE30076BE6F /* ModelCoinLayer.swift */ = {isa = PBXFileReference; lastKnownFileType = sourcecode.swift; path = ModelCoinLayer.swift; sourceTree = "<group>"; };
		B5CE5AAD28C231460076BE6F /* RateViewCell.swift */ = {isa = PBXFileReference; lastKnownFileType = sourcecode.swift; path = RateViewCell.swift; sourceTree = "<group>"; };
		B5CE5AB028C622890076BE6F /* CurrentPost.swift */ = {isa = PBXFileReference; lastKnownFileType = sourcecode.swift; path = CurrentPost.swift; sourceTree = "<group>"; };
/* End PBXFileReference section */

/* Begin PBXFrameworksBuildPhase section */
		B54EA22128C07C2500535572 /* Frameworks */ = {
			isa = PBXFrameworksBuildPhase;
			buildActionMask = 2147483647;
			files = (
			);
			runOnlyForDeploymentPostprocessing = 0;
		};
/* End PBXFrameworksBuildPhase section */

/* Begin PBXGroup section */
		B52EDAC728C7BD8D00594D97 /* Network */ = {
			isa = PBXGroup;
			children = (
				B54EA24528C0802400535572 /* NetworkManagerNews.swift */,
			);
			path = Network;
			sourceTree = "<group>";
		};
		B54EA21B28C07C2500535572 = {
			isa = PBXGroup;
			children = (
				B54EA22628C07C2500535572 /* NewsFeed */,
				B54EA22528C07C2500535572 /* Products */,
			);
			sourceTree = "<group>";
		};
		B54EA22528C07C2500535572 /* Products */ = {
			isa = PBXGroup;
			children = (
				B54EA22428C07C2500535572 /* NewsFeed.app */,
			);
			name = Products;
			sourceTree = "<group>";
		};
		B54EA22628C07C2500535572 /* NewsFeed */ = {
			isa = PBXGroup;
			children = (
				B54EA23528C07C2700535572 /* Info.plist */,
				B5CE5AA428C2168A0076BE6F /* First */,
				B5CA0AF028D43F9000BD4D06 /* ReadLater */,
				B5CE5AAF28C231500076BE6F /* RecentRate */,
				B5CA0AEB28D057BF00BD4D06 /* Settings */,
				B54EA23028C07C2700535572 /* Assets.xcassets */,
				B5CA0AEE28D43D4200BD4D06 /* Read */,
				B54EA24328C07D9500535572 /* View */,
				B54EA24428C07DC900535572 /* SupportFiles */,
			);
			path = NewsFeed;
			sourceTree = "<group>";
		};
		B54EA24328C07D9500535572 /* View */ = {
			isa = PBXGroup;
			children = (
				B54EA22D28C07C2500535572 /* Main.storyboard */,
				B54EA23228C07C2700535572 /* LaunchScreen.storyboard */,
			);
			path = View;
			sourceTree = "<group>";
		};
		B54EA24428C07DC900535572 /* SupportFiles */ = {
			isa = PBXGroup;
			children = (
				B5CE5A9628C1DAE80076BE6F /* Constants.swift */,
				B54EA22728C07C2500535572 /* AppDelegate.swift */,
				B54EA22928C07C2500535572 /* SceneDelegate.swift */,
			);
			path = SupportFiles;
			sourceTree = "<group>";
		};
		B5CA0AEB28D057BF00BD4D06 /* Settings */ = {
			isa = PBXGroup;
			children = (
				B5CA0AEC28D05CA400BD4D06 /* SettingsVC.swift */,
				B58FF8B628D5D178004167AD /* UserSettings.swift */,
			);
			path = Settings;
			sourceTree = "<group>";
		};
		B5CA0AEE28D43D4200BD4D06 /* Read */ = {
			isa = PBXGroup;
			children = (
				B5CE5A8228C10B1C0076BE6F /* ReadVC.swift */,
			);
			name = Read;
			path = ViewControllers;
			sourceTree = "<group>";
		};
		B5CA0AF028D43F9000BD4D06 /* ReadLater */ = {
			isa = PBXGroup;
			children = (
				B5CE5A7C28C10AB40076BE6F /* ReadLaterVC.swift */,
			);
			path = ReadLater;
			sourceTree = "<group>";
		};
		B5CE5AA428C2168A0076BE6F /* First */ = {
			isa = PBXGroup;
			children = (
				B5CE5A8A28C111CA0076BE6F /* FirstVC.swift */,
				B52EDAC528C71C6800594D97 /* FirstVCCell.swift */,
				B5CE5AA228C208780076BE6F /* Enums.swift */,
				B5CE5AB028C622890076BE6F /* CurrentPost.swift */,
				B52EDACC28C88A9300594D97 /* CreateUrlString.swift */,
				B52EDAC728C7BD8D00594D97 /* Network */,
			);
			path = First;
			sourceTree = "<group>";
		};
		B5CE5AAF28C231500076BE6F /* RecentRate */ = {
			isa = PBXGroup;
			children = (
				B5CE5A8028C10AFE0076BE6F /* RateVC.swift */,
				B5CE5AAD28C231460076BE6F /* RateViewCell.swift */,
				B5CE5AA828C21BF80076BE6F /* NetworkManagerCoinLayer.swift */,
				B5CE5AAB28C21EE30076BE6F /* ModelCoinLayer.swift */,
			);
			path = RecentRate;
			sourceTree = "<group>";
		};
/* End PBXGroup section */

/* Begin PBXNativeTarget section */
		B54EA22328C07C2500535572 /* NewsFeed */ = {
			isa = PBXNativeTarget;
			buildConfigurationList = B54EA23828C07C2700535572 /* Build configuration list for PBXNativeTarget "NewsFeed" */;
			buildPhases = (
				B54EA22028C07C2500535572 /* Sources */,
				B54EA22128C07C2500535572 /* Frameworks */,
				B54EA22228C07C2500535572 /* Resources */,
			);
			buildRules = (
			);
			dependencies = (
			);
			name = NewsFeed;
			productName = NewsFeed;
			productReference = B54EA22428C07C2500535572 /* NewsFeed.app */;
			productType = "com.apple.product-type.application";
		};
/* End PBXNativeTarget section */

/* Begin PBXProject section */
		B54EA21C28C07C2500535572 /* Project object */ = {
			isa = PBXProject;
			attributes = {
				BuildIndependentTargetsInParallel = 1;
				LastSwiftUpdateCheck = 1340;
				LastUpgradeCheck = 1340;
				TargetAttributes = {
					B54EA22328C07C2500535572 = {
						CreatedOnToolsVersion = 13.4.1;
					};
				};
			};
			buildConfigurationList = B54EA21F28C07C2500535572 /* Build configuration list for PBXProject "NewsFeed" */;
			compatibilityVersion = "Xcode 13.0";
			developmentRegion = en;
			hasScannedForEncodings = 0;
			knownRegions = (
				en,
				Base,
			);
			mainGroup = B54EA21B28C07C2500535572;
			productRefGroup = B54EA22528C07C2500535572 /* Products */;
			projectDirPath = "";
			projectRoot = "";
			targets = (
				B54EA22328C07C2500535572 /* NewsFeed */,
			);
		};
/* End PBXProject section */

/* Begin PBXResourcesBuildPhase section */
		B54EA22228C07C2500535572 /* Resources */ = {
			isa = PBXResourcesBuildPhase;
			buildActionMask = 2147483647;
			files = (
				B54EA23428C07C2700535572 /* LaunchScreen.storyboard in Resources */,
				B54EA23128C07C2700535572 /* Assets.xcassets in Resources */,
				B54EA22F28C07C2500535572 /* Main.storyboard in Resources */,
			);
			runOnlyForDeploymentPostprocessing = 0;
		};
/* End PBXResourcesBuildPhase section */

/* Begin PBXSourcesBuildPhase section */
		B54EA22028C07C2500535572 /* Sources */ = {
			isa = PBXSourcesBuildPhase;
			buildActionMask = 2147483647;
			files = (
				B5CE5A7D28C10AB40076BE6F /* ReadLaterVC.swift in Sources */,
				B5CE5A9728C1DAE80076BE6F /* Constants.swift in Sources */,
				B54EA24628C0802400535572 /* NetworkManagerNews.swift in Sources */,
				B54EA22828C07C2500535572 /* AppDelegate.swift in Sources */,
				B5CE5A8C28C111CA0076BE6F /* FirstVC.swift in Sources */,
				B5CE5A8128C10AFE0076BE6F /* RateVC.swift in Sources */,
				B5CE5AAC28C21EE30076BE6F /* ModelCoinLayer.swift in Sources */,
				B52EDAC628C71C6800594D97 /* FirstVCCell.swift in Sources */,
				B5CE5AB128C622890076BE6F /* CurrentPost.swift in Sources */,
				B5CE5AA928C21BF80076BE6F /* NetworkManagerCoinLayer.swift in Sources */,
				B54EA22A28C07C2500535572 /* SceneDelegate.swift in Sources */,
				B52EDACD28C88A9300594D97 /* CreateUrlString.swift in Sources */,
				B5CE5AA328C208780076BE6F /* Enums.swift in Sources */,
				B5CE5A8328C10B1C0076BE6F /* ReadVC.swift in Sources */,
				B5CE5AAE28C231460076BE6F /* RateViewCell.swift in Sources */,
				B5CA0AED28D05CA400BD4D06 /* SettingsVC.swift in Sources */,
				B58FF8B728D5D178004167AD /* UserSettings.swift in Sources */,
			);
			runOnlyForDeploymentPostprocessing = 0;
		};
/* End PBXSourcesBuildPhase section */

/* Begin PBXVariantGroup section */
		B54EA22D28C07C2500535572 /* Main.storyboard */ = {
			isa = PBXVariantGroup;
			children = (
				B54EA22E28C07C2500535572 /* Base */,
			);
			name = Main.storyboard;
			sourceTree = "<group>";
		};
		B54EA23228C07C2700535572 /* LaunchScreen.storyboard */ = {
			isa = PBXVariantGroup;
			children = (
				B54EA23328C07C2700535572 /* Base */,
			);
			name = LaunchScreen.storyboard;
			sourceTree = "<group>";
		};
/* End PBXVariantGroup section */

/* Begin XCBuildConfiguration section */
		B54EA23628C07C2700535572 /* Debug */ = {
			isa = XCBuildConfiguration;
			buildSettings = {
				ALWAYS_SEARCH_USER_PATHS = NO;
				CLANG_ANALYZER_NONNULL = YES;
				CLANG_ANALYZER_NUMBER_OBJECT_CONVERSION = YES_AGGRESSIVE;
				CLANG_CXX_LANGUAGE_STANDARD = "gnu++17";
				CLANG_ENABLE_MODULES = YES;
				CLANG_ENABLE_OBJC_ARC = YES;
				CLANG_ENABLE_OBJC_WEAK = YES;
				CLANG_WARN_BLOCK_CAPTURE_AUTORELEASING = YES;
				CLANG_WARN_BOOL_CONVERSION = YES;
				CLANG_WARN_COMMA = YES;
				CLANG_WARN_CONSTANT_CONVERSION = YES;
				CLANG_WARN_DEPRECATED_OBJC_IMPLEMENTATIONS = YES;
				CLANG_WARN_DIRECT_OBJC_ISA_USAGE = YES_ERROR;
				CLANG_WARN_DOCUMENTATION_COMMENTS = YES;
				CLANG_WARN_EMPTY_BODY = YES;
				CLANG_WARN_ENUM_CONVERSION = YES;
				CLANG_WARN_INFINITE_RECURSION = YES;
				CLANG_WARN_INT_CONVERSION = YES;
				CLANG_WARN_NON_LITERAL_NULL_CONVERSION = YES;
				CLANG_WARN_OBJC_IMPLICIT_RETAIN_SELF = YES;
				CLANG_WARN_OBJC_LITERAL_CONVERSION = YES;
				CLANG_WARN_OBJC_ROOT_CLASS = YES_ERROR;
				CLANG_WARN_QUOTED_INCLUDE_IN_FRAMEWORK_HEADER = YES;
				CLANG_WARN_RANGE_LOOP_ANALYSIS = YES;
				CLANG_WARN_STRICT_PROTOTYPES = YES;
				CLANG_WARN_SUSPICIOUS_MOVE = YES;
				CLANG_WARN_UNGUARDED_AVAILABILITY = YES_AGGRESSIVE;
				CLANG_WARN_UNREACHABLE_CODE = YES;
				CLANG_WARN__DUPLICATE_METHOD_MATCH = YES;
				COPY_PHASE_STRIP = NO;
				DEBUG_INFORMATION_FORMAT = dwarf;
				ENABLE_STRICT_OBJC_MSGSEND = YES;
				ENABLE_TESTABILITY = YES;
				GCC_C_LANGUAGE_STANDARD = gnu11;
				GCC_DYNAMIC_NO_PIC = NO;
				GCC_NO_COMMON_BLOCKS = YES;
				GCC_OPTIMIZATION_LEVEL = 0;
				GCC_PREPROCESSOR_DEFINITIONS = (
					"DEBUG=1",
					"$(inherited)",
				);
				GCC_WARN_64_TO_32_BIT_CONVERSION = YES;
				GCC_WARN_ABOUT_RETURN_TYPE = YES_ERROR;
				GCC_WARN_UNDECLARED_SELECTOR = YES;
				GCC_WARN_UNINITIALIZED_AUTOS = YES_AGGRESSIVE;
				GCC_WARN_UNUSED_FUNCTION = YES;
				GCC_WARN_UNUSED_VARIABLE = YES;
				IPHONEOS_DEPLOYMENT_TARGET = 15.5;
				MTL_ENABLE_DEBUG_INFO = INCLUDE_SOURCE;
				MTL_FAST_MATH = YES;
				ONLY_ACTIVE_ARCH = YES;
				SDKROOT = iphoneos;
				SWIFT_ACTIVE_COMPILATION_CONDITIONS = DEBUG;
				SWIFT_OPTIMIZATION_LEVEL = "-Onone";
			};
			name = Debug;
		};
		B54EA23728C07C2700535572 /* Release */ = {
			isa = XCBuildConfiguration;
			buildSettings = {
				ALWAYS_SEARCH_USER_PATHS = NO;
				CLANG_ANALYZER_NONNULL = YES;
				CLANG_ANALYZER_NUMBER_OBJECT_CONVERSION = YES_AGGRESSIVE;
				CLANG_CXX_LANGUAGE_STANDARD = "gnu++17";
				CLANG_ENABLE_MODULES = YES;
				CLANG_ENABLE_OBJC_ARC = YES;
				CLANG_ENABLE_OBJC_WEAK = YES;
				CLANG_WARN_BLOCK_CAPTURE_AUTORELEASING = YES;
				CLANG_WARN_BOOL_CONVERSION = YES;
				CLANG_WARN_COMMA = YES;
				CLANG_WARN_CONSTANT_CONVERSION = YES;
				CLANG_WARN_DEPRECATED_OBJC_IMPLEMENTATIONS = YES;
				CLANG_WARN_DIRECT_OBJC_ISA_USAGE = YES_ERROR;
				CLANG_WARN_DOCUMENTATION_COMMENTS = YES;
				CLANG_WARN_EMPTY_BODY = YES;
				CLANG_WARN_ENUM_CONVERSION = YES;
				CLANG_WARN_INFINITE_RECURSION = YES;
				CLANG_WARN_INT_CONVERSION = YES;
				CLANG_WARN_NON_LITERAL_NULL_CONVERSION = YES;
				CLANG_WARN_OBJC_IMPLICIT_RETAIN_SELF = YES;
				CLANG_WARN_OBJC_LITERAL_CONVERSION = YES;
				CLANG_WARN_OBJC_ROOT_CLASS = YES_ERROR;
				CLANG_WARN_QUOTED_INCLUDE_IN_FRAMEWORK_HEADER = YES;
				CLANG_WARN_RANGE_LOOP_ANALYSIS = YES;
				CLANG_WARN_STRICT_PROTOTYPES = YES;
				CLANG_WARN_SUSPICIOUS_MOVE = YES;
				CLANG_WARN_UNGUARDED_AVAILABILITY = YES_AGGRESSIVE;
				CLANG_WARN_UNREACHABLE_CODE = YES;
				CLANG_WARN__DUPLICATE_METHOD_MATCH = YES;
				COPY_PHASE_STRIP = NO;
				DEBUG_INFORMATION_FORMAT = "dwarf-with-dsym";
				ENABLE_NS_ASSERTIONS = NO;
				ENABLE_STRICT_OBJC_MSGSEND = YES;
				GCC_C_LANGUAGE_STANDARD = gnu11;
				GCC_NO_COMMON_BLOCKS = YES;
				GCC_WARN_64_TO_32_BIT_CONVERSION = YES;
				GCC_WARN_ABOUT_RETURN_TYPE = YES_ERROR;
				GCC_WARN_UNDECLARED_SELECTOR = YES;
				GCC_WARN_UNINITIALIZED_AUTOS = YES_AGGRESSIVE;
				GCC_WARN_UNUSED_FUNCTION = YES;
				GCC_WARN_UNUSED_VARIABLE = YES;
				IPHONEOS_DEPLOYMENT_TARGET = 15.5;
				MTL_ENABLE_DEBUG_INFO = NO;
				MTL_FAST_MATH = YES;
				SDKROOT = iphoneos;
				SWIFT_COMPILATION_MODE = wholemodule;
				SWIFT_OPTIMIZATION_LEVEL = "-O";
				VALIDATE_PRODUCT = YES;
			};
			name = Release;
		};
		B54EA23928C07C2700535572 /* Debug */ = {
			isa = XCBuildConfiguration;
			buildSettings = {
				ASSETCATALOG_COMPILER_APPICON_NAME = AppIcon;
				ASSETCATALOG_COMPILER_GLOBAL_ACCENT_COLOR_NAME = AccentColor;
				CODE_SIGN_STYLE = Automatic;
				CURRENT_PROJECT_VERSION = 1;
				DEVELOPMENT_TEAM = W87MFURSJ5;
				GENERATE_INFOPLIST_FILE = YES;
				INFOPLIST_FILE = NewsFeed/Info.plist;
				INFOPLIST_KEY_UIApplicationSupportsIndirectInputEvents = YES;
				INFOPLIST_KEY_UILaunchStoryboardName = LaunchScreen;
				INFOPLIST_KEY_UIMainStoryboardFile = Main;
				INFOPLIST_KEY_UISupportedInterfaceOrientations = UIInterfaceOrientationPortrait;
				INFOPLIST_KEY_UISupportedInterfaceOrientations_iPad = "UIInterfaceOrientationPortrait UIInterfaceOrientationPortraitUpsideDown UIInterfaceOrientationLandscapeLeft UIInterfaceOrientationLandscapeRight";
				INFOPLIST_KEY_UISupportedInterfaceOrientations_iPhone = "UIInterfaceOrientationPortrait UIInterfaceOrientationLandscapeLeft UIInterfaceOrientationLandscapeRight";
				IPHONEOS_DEPLOYMENT_TARGET = 14.0;
				LD_RUNPATH_SEARCH_PATHS = (
					"$(inherited)",
					"@executable_path/Frameworks",
				);
				MARKETING_VERSION = 1.0;
				PRODUCT_BUNDLE_IDENTIFIER = Komigen.NewsFeed;
				PRODUCT_NAME = "$(TARGET_NAME)";
				SWIFT_EMIT_LOC_STRINGS = YES;
				SWIFT_VERSION = 5.0;
				TARGETED_DEVICE_FAMILY = 1;
			};
			name = Debug;
		};
		B54EA23A28C07C2700535572 /* Release */ = {
			isa = XCBuildConfiguration;
			buildSettings = {
				ASSETCATALOG_COMPILER_APPICON_NAME = AppIcon;
				ASSETCATALOG_COMPILER_GLOBAL_ACCENT_COLOR_NAME = AccentColor;
				CODE_SIGN_STYLE = Automatic;
				CURRENT_PROJECT_VERSION = 1;
				DEVELOPMENT_TEAM = W87MFURSJ5;
				GENERATE_INFOPLIST_FILE = YES;
				INFOPLIST_FILE = NewsFeed/Info.plist;
				INFOPLIST_KEY_UIApplicationSupportsIndirectInputEvents = YES;
				INFOPLIST_KEY_UILaunchStoryboardName = LaunchScreen;
				INFOPLIST_KEY_UIMainStoryboardFile = Main;
				INFOPLIST_KEY_UISupportedInterfaceOrientations = UIInterfaceOrientationPortrait;
				INFOPLIST_KEY_UISupportedInterfaceOrientations_iPad = "UIInterfaceOrientationPortrait UIInterfaceOrientationPortraitUpsideDown UIInterfaceOrientationLandscapeLeft UIInterfaceOrientationLandscapeRight";
				INFOPLIST_KEY_UISupportedInterfaceOrientations_iPhone = "UIInterfaceOrientationPortrait UIInterfaceOrientationLandscapeLeft UIInterfaceOrientationLandscapeRight";
				IPHONEOS_DEPLOYMENT_TARGET = 14.0;
				LD_RUNPATH_SEARCH_PATHS = (
					"$(inherited)",
					"@executable_path/Frameworks",
				);
				MARKETING_VERSION = 1.0;
				PRODUCT_BUNDLE_IDENTIFIER = Komigen.NewsFeed;
				PRODUCT_NAME = "$(TARGET_NAME)";
				SWIFT_EMIT_LOC_STRINGS = YES;
				SWIFT_VERSION = 5.0;
				TARGETED_DEVICE_FAMILY = 1;
			};
			name = Release;
		};
/* End XCBuildConfiguration section */

/* Begin XCConfigurationList section */
		B54EA21F28C07C2500535572 /* Build configuration list for PBXProject "NewsFeed" */ = {
			isa = XCConfigurationList;
			buildConfigurations = (
				B54EA23628C07C2700535572 /* Debug */,
				B54EA23728C07C2700535572 /* Release */,
			);
			defaultConfigurationIsVisible = 0;
			defaultConfigurationName = Release;
		};
		B54EA23828C07C2700535572 /* Build configuration list for PBXNativeTarget "NewsFeed" */ = {
			isa = XCConfigurationList;
			buildConfigurations = (
				B54EA23928C07C2700535572 /* Debug */,
				B54EA23A28C07C2700535572 /* Release */,
			);
			defaultConfigurationIsVisible = 0;
			defaultConfigurationName = Release;
		};
/* End XCConfigurationList section */
	};
	rootObject = B54EA21C28C07C2500535572 /* Project object */;
}
